
Microsoft Visual Studio Solution File, Format Version 12.00
# Visual Studio Version 17
VisualStudioVersion = 17.9.34622.214
MinimumVisualStudioVersion = 10.0.40219.1
Project("{FAE04EC0-301F-11D3-BF4B-00C04F79EFBC}") = "Bridge", "Bridge\Bridge.csproj", "{974AA4A4-5CD8-415A-8919-9301F10A48CC}"
EndProject
Global
	GlobalSection(SolutionConfigurationPlatforms) = preSolution
		Debug|Any CPU = Debug|Any CPU
		Release|Any CPU = Release|Any CPU
	EndGlobalSection
	GlobalSection(ProjectConfigurationPlatforms) = postSolution
		{974AA4A4-5CD8-415A-8919-9301F10A48CC}.Debug|Any CPU.ActiveCfg = Debug|Any CPU
		{974AA4A4-5CD8-415A-8919-9301F10A48CC}.Debug|Any CPU.Build.0 = Debug|Any CPU
		{974AA4A4-5CD8-415A-8919-9301F10A48CC}.Release|Any CPU.ActiveCfg = Release|Any CPU
		{974AA4A4-5CD8-415A-8919-9301F10A48CC}.Release|Any CPU.Build.0 = Release|Any CPU
	EndGlobalSection
	GlobalSection(SolutionProperties) = preSolution
		HideSolutionNode = FALSE
	EndGlobalSection
	GlobalSection(ExtensibilityGlobals) = postSolution
		SolutionGuid = {C646FBC7-438F-4E46-9C64-AC83015467A3}
	EndGlobalSection
EndGlobal
