
Microsoft Visual Studio Solution File, Format Version 12.00
# Visual Studio Version 17
VisualStudioVersion = 17.2.32630.192
MinimumVisualStudioVersion = 10.0.40219.1
Project("{FAE04EC0-301F-11D3-BF4B-00C04F79EFBC}") = "FactoryMethod", "FactoryMethod\FactoryMethod.csproj", "{3733C44E-9A25-44FE-A805-035635B9E585}"
EndProject
Global
	GlobalSection(SolutionConfigurationPlatforms) = preSolution
		Debug|Any CPU = Debug|Any CPU
		Release|Any CPU = Release|Any CPU
	EndGlobalSection
	GlobalSection(ProjectConfigurationPlatforms) = postSolution
		{3733C44E-9A25-44FE-A805-035635B9E585}.Debug|Any CPU.ActiveCfg = Debug|Any CPU
		{3733C44E-9A25-44FE-A805-035635B9E585}.Debug|Any CPU.Build.0 = Debug|Any CPU
		{3733C44E-9A25-44FE-A805-035635B9E585}.Release|Any CPU.ActiveCfg = Release|Any CPU
		{3733C44E-9A25-44FE-A805-035635B9E585}.Release|Any CPU.Build.0 = Release|Any CPU
	EndGlobalSection
	GlobalSection(SolutionProperties) = preSolution
		HideSolutionNode = FALSE
	EndGlobalSection
	GlobalSection(ExtensibilityGlobals) = postSolution
		SolutionGuid = {0B728BBF-7382-4EF3-BF78-E33AD52C8191}
	EndGlobalSection
EndGlobal
